
Microsoft Visual Studio Solution File, Format Version 12.00
# Visual Studio Version 17
VisualStudioVersion = 17.1.32328.378
MinimumVisualStudioVersion = 10.0.40219.1
Project("{2150E333-8FDC-42A3-9474-1A3956D46DE8}") = "Services", "Services", "{CFB7533A-19C1-4CA8-A388-60949F8D74E1}"
EndProject
Project("{2150E333-8FDC-42A3-9474-1A3956D46DE8}") = "Catalog", "Catalog", "{6F054421-3266-4D53-8F32-AE056D93007D}"
EndProject
Project("{9A19103F-16F7-4668-BE54-9A1E7A4F7556}") = "Catalog.API", "Services\Catalog\Catalog.API\Catalog.API.csproj", "{33F636C7-E4B1-4D76-8C8B-E0B7D36035E0}"
EndProject
Project("{E53339B2-1760-4266-BCC7-CA923CBCF16C}") = "docker-compose", "docker-compose.dcproj", "{2D75318B-1CEA-4AEF-90F1-B1EF630AC1EC}"
EndProject
Project("{2150E333-8FDC-42A3-9474-1A3956D46DE8}") = "Basket", "Basket", "{15616890-06A4-4E4E-9E0F-C0D9AA80F97C}"
EndProject
Project("{FAE04EC0-301F-11D3-BF4B-00C04F79EFBC}") = "Basket.API", "Services\Basket\Basket.API\Basket.API.csproj", "{F2ABA800-DCB2-4127-86CE-7FADDD5EB81A}"
EndProject
Global
	GlobalSection(SolutionConfigurationPlatforms) = preSolution
		Debug|Any CPU = Debug|Any CPU
		Release|Any CPU = Release|Any CPU
	EndGlobalSection
	GlobalSection(ProjectConfigurationPlatforms) = postSolution
		{33F636C7-E4B1-4D76-8C8B-E0B7D36035E0}.Debug|Any CPU.ActiveCfg = Debug|Any CPU
		{33F636C7-E4B1-4D76-8C8B-E0B7D36035E0}.Debug|Any CPU.Build.0 = Debug|Any CPU
		{33F636C7-E4B1-4D76-8C8B-E0B7D36035E0}.Release|Any CPU.ActiveCfg = Release|Any CPU
		{33F636C7-E4B1-4D76-8C8B-E0B7D36035E0}.Release|Any CPU.Build.0 = Release|Any CPU
		{2D75318B-1CEA-4AEF-90F1-B1EF630AC1EC}.Debug|Any CPU.ActiveCfg = Debug|Any CPU
		{2D75318B-1CEA-4AEF-90F1-B1EF630AC1EC}.Debug|Any CPU.Build.0 = Debug|Any CPU
		{2D75318B-1CEA-4AEF-90F1-B1EF630AC1EC}.Release|Any CPU.ActiveCfg = Release|Any CPU
		{2D75318B-1CEA-4AEF-90F1-B1EF630AC1EC}.Release|Any CPU.Build.0 = Release|Any CPU
		{F2ABA800-DCB2-4127-86CE-7FADDD5EB81A}.Debug|Any CPU.ActiveCfg = Debug|Any CPU
		{F2ABA800-DCB2-4127-86CE-7FADDD5EB81A}.Debug|Any CPU.Build.0 = Debug|Any CPU
		{F2ABA800-DCB2-4127-86CE-7FADDD5EB81A}.Release|Any CPU.ActiveCfg = Release|Any CPU
		{F2ABA800-DCB2-4127-86CE-7FADDD5EB81A}.Release|Any CPU.Build.0 = Release|Any CPU
	EndGlobalSection
	GlobalSection(SolutionProperties) = preSolution
		HideSolutionNode = FALSE
	EndGlobalSection
	GlobalSection(NestedProjects) = preSolution
		{6F054421-3266-4D53-8F32-AE056D93007D} = {CFB7533A-19C1-4CA8-A388-60949F8D74E1}
		{33F636C7-E4B1-4D76-8C8B-E0B7D36035E0} = {6F054421-3266-4D53-8F32-AE056D93007D}
		{15616890-06A4-4E4E-9E0F-C0D9AA80F97C} = {CFB7533A-19C1-4CA8-A388-60949F8D74E1}
		{F2ABA800-DCB2-4127-86CE-7FADDD5EB81A} = {15616890-06A4-4E4E-9E0F-C0D9AA80F97C}
	EndGlobalSection
	GlobalSection(ExtensibilityGlobals) = postSolution
		SolutionGuid = {3198DC51-676C-4DF0-9949-47C404589C48}
	EndGlobalSection
EndGlobal
